
Microsoft Visual Studio Solution File, Format Version 12.00
# Visual Studio 14
VisualStudioVersion = 14.0.25420.1
MinimumVisualStudioVersion = 10.0.40219.1
Project("{FAE04EC0-301F-11D3-BF4B-00C04F79EFBC}") = "PrismApplication", "PrismApplication\PrismApplication.csproj", "{948C2990-FEA0-4ECF-9596-B115356F0D5B}"
EndProject
Project("{FAE04EC0-301F-11D3-BF4B-00C04F79EFBC}") = "PrismApplication.HeaderModule_cs", "PrismApplication.HeaderModule\PrismApplication.HeaderModule_cs.csproj", "{3B486019-16B0-4B7B-A1B4-BC31FA302C10}"
EndProject
Project("{FAE04EC0-301F-11D3-BF4B-00C04F79EFBC}") = "PrismApplication.ScanlistModule_cs", "PrismApplication.ScanlistModule\PrismApplication.ScanlistModule_cs.csproj", "{9CE79B60-B57E-4ACA-80CF-2C5A6BEA0B4F}"
EndProject
Project("{FAE04EC0-301F-11D3-BF4B-00C04F79EFBC}") = "Interfaces_cs", "Interfaces_cs\Interfaces_cs.csproj", "{0966057B-F4D7-4674-8411-B9725BEF9AE6}"
EndProject
Project("{FAE04EC0-301F-11D3-BF4B-00C04F79EFBC}") = "PrismApplication_cs", "PrismApplication_cs\PrismApplication_cs.csproj", "{03864D99-9C88-4860-B73C-59953B3AEDAC}"
EndProject
Project("{FAE04EC0-301F-11D3-BF4B-00C04F79EFBC}") = "PrismApplication.TaskModule_cs", "PrismApplication.TaskModule_cs\PrismApplication.TaskModule_cs.csproj", "{68C97EF9-4EC6-43EC-B57A-988003B5E487}"
EndProject
Project("{FAE04EC0-301F-11D3-BF4B-00C04F79EFBC}") = "PrismApplication.DefaultTaskModule_cs", "PrismApplication.DefaultTaskModule_cs\PrismApplication.DefaultTaskModule_cs.csproj", "{364FD199-8ECC-4576-AA22-7BCAE177CD2C}"
EndProject
Global
	GlobalSection(SolutionConfigurationPlatforms) = preSolution
		Debug|Any CPU = Debug|Any CPU
		Release|Any CPU = Release|Any CPU
	EndGlobalSection
	GlobalSection(ProjectConfigurationPlatforms) = postSolution
		{948C2990-FEA0-4ECF-9596-B115356F0D5B}.Debug|Any CPU.ActiveCfg = Debug|Any CPU
		{948C2990-FEA0-4ECF-9596-B115356F0D5B}.Debug|Any CPU.Build.0 = Debug|Any CPU
		{948C2990-FEA0-4ECF-9596-B115356F0D5B}.Release|Any CPU.ActiveCfg = Release|Any CPU
		{948C2990-FEA0-4ECF-9596-B115356F0D5B}.Release|Any CPU.Build.0 = Release|Any CPU
		{3B486019-16B0-4B7B-A1B4-BC31FA302C10}.Debug|Any CPU.ActiveCfg = Debug|Any CPU
		{3B486019-16B0-4B7B-A1B4-BC31FA302C10}.Debug|Any CPU.Build.0 = Debug|Any CPU
		{3B486019-16B0-4B7B-A1B4-BC31FA302C10}.Release|Any CPU.ActiveCfg = Release|Any CPU
		{3B486019-16B0-4B7B-A1B4-BC31FA302C10}.Release|Any CPU.Build.0 = Release|Any CPU
		{9CE79B60-B57E-4ACA-80CF-2C5A6BEA0B4F}.Debug|Any CPU.ActiveCfg = Debug|Any CPU
		{9CE79B60-B57E-4ACA-80CF-2C5A6BEA0B4F}.Debug|Any CPU.Build.0 = Debug|Any CPU
		{9CE79B60-B57E-4ACA-80CF-2C5A6BEA0B4F}.Release|Any CPU.ActiveCfg = Release|Any CPU
		{9CE79B60-B57E-4ACA-80CF-2C5A6BEA0B4F}.Release|Any CPU.Build.0 = Release|Any CPU
		{0966057B-F4D7-4674-8411-B9725BEF9AE6}.Debug|Any CPU.ActiveCfg = Debug|Any CPU
		{0966057B-F4D7-4674-8411-B9725BEF9AE6}.Debug|Any CPU.Build.0 = Debug|Any CPU
		{0966057B-F4D7-4674-8411-B9725BEF9AE6}.Release|Any CPU.ActiveCfg = Release|Any CPU
		{0966057B-F4D7-4674-8411-B9725BEF9AE6}.Release|Any CPU.Build.0 = Release|Any CPU
		{03864D99-9C88-4860-B73C-59953B3AEDAC}.Debug|Any CPU.ActiveCfg = Debug|Any CPU
		{03864D99-9C88-4860-B73C-59953B3AEDAC}.Debug|Any CPU.Build.0 = Debug|Any CPU
		{03864D99-9C88-4860-B73C-59953B3AEDAC}.Release|Any CPU.ActiveCfg = Release|Any CPU
		{03864D99-9C88-4860-B73C-59953B3AEDAC}.Release|Any CPU.Build.0 = Release|Any CPU
		{68C97EF9-4EC6-43EC-B57A-988003B5E487}.Debug|Any CPU.ActiveCfg = Debug|Any CPU
		{68C97EF9-4EC6-43EC-B57A-988003B5E487}.Debug|Any CPU.Build.0 = Debug|Any CPU
		{68C97EF9-4EC6-43EC-B57A-988003B5E487}.Release|Any CPU.ActiveCfg = Release|Any CPU
		{68C97EF9-4EC6-43EC-B57A-988003B5E487}.Release|Any CPU.Build.0 = Release|Any CPU
		{364FD199-8ECC-4576-AA22-7BCAE177CD2C}.Debug|Any CPU.ActiveCfg = Debug|Any CPU
		{364FD199-8ECC-4576-AA22-7BCAE177CD2C}.Debug|Any CPU.Build.0 = Debug|Any CPU
		{364FD199-8ECC-4576-AA22-7BCAE177CD2C}.Release|Any CPU.ActiveCfg = Release|Any CPU
		{364FD199-8ECC-4576-AA22-7BCAE177CD2C}.Release|Any CPU.Build.0 = Release|Any CPU
	EndGlobalSection
	GlobalSection(SolutionProperties) = preSolution
		HideSolutionNode = FALSE
	EndGlobalSection
EndGlobal
