
Microsoft Visual Studio Solution File, Format Version 12.00
# Visual Studio 15
VisualStudioVersion = 15.0.27703.2035
MinimumVisualStudioVersion = 10.0.40219.1
Project("{FAE04EC0-301F-11D3-BF4B-00C04F79EFBC}") = "SampleJson", "SampleJson.csproj", "{0AC377C6-7BB1-4433-B96D-26C2E308FFBF}"
EndProject
Global
	GlobalSection(SolutionConfigurationPlatforms) = preSolution
		Debug|Any CPU = Debug|Any CPU
		Release|Any CPU = Release|Any CPU
	EndGlobalSection
	GlobalSection(ProjectConfigurationPlatforms) = postSolution
		{0AC377C6-7BB1-4433-B96D-26C2E308FFBF}.Debug|Any CPU.ActiveCfg = Debug|Any CPU
		{0AC377C6-7BB1-4433-B96D-26C2E308FFBF}.Debug|Any CPU.Build.0 = Debug|Any CPU
		{0AC377C6-7BB1-4433-B96D-26C2E308FFBF}.Release|Any CPU.ActiveCfg = Release|Any CPU
		{0AC377C6-7BB1-4433-B96D-26C2E308FFBF}.Release|Any CPU.Build.0 = Release|Any CPU
	EndGlobalSection
	GlobalSection(SolutionProperties) = preSolution
		HideSolutionNode = FALSE
	EndGlobalSection
	GlobalSection(ExtensibilityGlobals) = postSolution
		SolutionGuid = {C5A92AAC-2EDE-4652-A7EA-7C075F29DC43}
	EndGlobalSection
EndGlobal
