
Microsoft Visual Studio Solution File, Format Version 12.00
# Visual Studio 2012
Project("{FAE04EC0-301F-11D3-BF4B-00C04F79EFBC}") = "RemotingServer", "RemotingServer\RemotingServer.csproj", "{6380C3DA-C8BF-4E1B-805A-A5D9E6D4C89F}"
EndProject
Project("{FAE04EC0-301F-11D3-BF4B-00C04F79EFBC}") = "RemoteClient", "RemoteClient\RemoteClient.csproj", "{3C402F4F-7BB4-4C22-91DB-B448A4CF257F}"
EndProject
Global
	GlobalSection(SolutionConfigurationPlatforms) = preSolution
		Debug|Any CPU = Debug|Any CPU
		Release|Any CPU = Release|Any CPU
	EndGlobalSection
	GlobalSection(ProjectConfigurationPlatforms) = postSolution
		{6380C3DA-C8BF-4E1B-805A-A5D9E6D4C89F}.Debug|Any CPU.ActiveCfg = Debug|Any CPU
		{6380C3DA-C8BF-4E1B-805A-A5D9E6D4C89F}.Debug|Any CPU.Build.0 = Debug|Any CPU
		{6380C3DA-C8BF-4E1B-805A-A5D9E6D4C89F}.Release|Any CPU.ActiveCfg = Release|Any CPU
		{6380C3DA-C8BF-4E1B-805A-A5D9E6D4C89F}.Release|Any CPU.Build.0 = Release|Any CPU
		{3C402F4F-7BB4-4C22-91DB-B448A4CF257F}.Debug|Any CPU.ActiveCfg = Debug|Any CPU
		{3C402F4F-7BB4-4C22-91DB-B448A4CF257F}.Debug|Any CPU.Build.0 = Debug|Any CPU
		{3C402F4F-7BB4-4C22-91DB-B448A4CF257F}.Release|Any CPU.ActiveCfg = Release|Any CPU
		{3C402F4F-7BB4-4C22-91DB-B448A4CF257F}.Release|Any CPU.Build.0 = Release|Any CPU
	EndGlobalSection
	GlobalSection(SolutionProperties) = preSolution
		HideSolutionNode = FALSE
	EndGlobalSection
EndGlobal
