
Microsoft Visual Studio Solution File, Format Version 12.00
# Visual Studio 15
VisualStudioVersion = 15.0.28307.329
MinimumVisualStudioVersion = 10.0.40219.1
Project("{7CF6DF6D-3B04-46F8-A40B-537D21BCA0B4}") = "Documentation", "Documentation.shfbproj", "{BB4D72E9-A458-49BE-B707-7F30EC61AC60}"
EndProject
Global
	GlobalSection(SolutionConfigurationPlatforms) = preSolution
		Debug|Any CPU = Debug|Any CPU
		Release|Any CPU = Release|Any CPU
	EndGlobalSection
	GlobalSection(ProjectConfigurationPlatforms) = postSolution
		{BB4D72E9-A458-49BE-B707-7F30EC61AC60}.Debug|Any CPU.ActiveCfg = Debug|Any CPU
		{BB4D72E9-A458-49BE-B707-7F30EC61AC60}.Debug|Any CPU.Build.0 = Debug|Any CPU
		{BB4D72E9-A458-49BE-B707-7F30EC61AC60}.Release|Any CPU.ActiveCfg = Release|Any CPU
		{BB4D72E9-A458-49BE-B707-7F30EC61AC60}.Release|Any CPU.Build.0 = Release|Any CPU
	EndGlobalSection
	GlobalSection(SolutionProperties) = preSolution
		HideSolutionNode = FALSE
	EndGlobalSection
	GlobalSection(ExtensibilityGlobals) = postSolution
		SolutionGuid = {A3E5FCBB-BE44-4416-9AC2-9DB2BE16C886}
	EndGlobalSection
EndGlobal
